// !$*UTF8*$!
{
	archiveVersion = 1;
	classes = {
	};
	objectVersion = 56;
	objects = {

/* Begin PBXBuildFile section */
		B266F52D2992A9BC0072C068 /* TimeCalculator.swift in Sources */ = {isa = PBXBuildFile; fileRef = B266F52C2992A9BC0072C068 /* TimeCalculator.swift */; };
		B27886A529951F390086B87C /* CalendarExtension.swift in Sources */ = {isa = PBXBuildFile; fileRef = B27886A429951F390086B87C /* CalendarExtension.swift */; };
		B27886A72995363A0086B87C /* Images.swift in Sources */ = {isa = PBXBuildFile; fileRef = B27886A62995363A0086B87C /* Images.swift */; };
		B289EFFD299168B100C6DC3D /* DateFormatterExtension.swift in Sources */ = {isa = PBXBuildFile; fileRef = B289EFFC299168B100C6DC3D /* DateFormatterExtension.swift */; };
		B28C860F292BAC6600951E7B /* DatePeriodView.swift in Sources */ = {isa = PBXBuildFile; fileRef = B28C860E292BAC6600951E7B /* DatePeriodView.swift */; };
		B28C8613292BB09400951E7B /* DurationButtonView.swift in Sources */ = {isa = PBXBuildFile; fileRef = B28C8612292BB09400951E7B /* DurationButtonView.swift */; };
		B28C8615292BB18B00951E7B /* CircleProgressView.swift in Sources */ = {isa = PBXBuildFile; fileRef = B28C8614292BB18B00951E7B /* CircleProgressView.swift */; };
		B28C8617292BD2CC00951E7B /* CalendarView.swift in Sources */ = {isa = PBXBuildFile; fileRef = B28C8616292BD2CC00951E7B /* CalendarView.swift */; };
		B28C861D292BD77C00951E7B /* DateView.swift in Sources */ = {isa = PBXBuildFile; fileRef = B28C861C292BD77C00951E7B /* DateView.swift */; };
		B28C861F292BDF2C00951E7B /* LineView.swift in Sources */ = {isa = PBXBuildFile; fileRef = B28C861E292BDF2C00951E7B /* LineView.swift */; };
		B28C8621292BE07000951E7B /* HistoryView.swift in Sources */ = {isa = PBXBuildFile; fileRef = B28C8620292BE07000951E7B /* HistoryView.swift */; };
		B2AC48DF28F5F9950077DB39 /* FastoApp.swift in Sources */ = {isa = PBXBuildFile; fileRef = B2AC48DE28F5F9950077DB39 /* FastoApp.swift */; };
		B2AC48E128F5F9950077DB39 /* PersistenceController.swift in Sources */ = {isa = PBXBuildFile; fileRef = B2AC48E028F5F9950077DB39 /* PersistenceController.swift */; };
		B2AC48E428F5F9950077DB39 /* Fasto.xcdatamodeld in Sources */ = {isa = PBXBuildFile; fileRef = B2AC48E228F5F9950077DB39 /* Fasto.xcdatamodeld */; };
		B2AC48E828F5F9970077DB39 /* Assets.xcassets in Resources */ = {isa = PBXBuildFile; fileRef = B2AC48E728F5F9970077DB39 /* Assets.xcassets */; };
		B2AC48EC28F5F9970077DB39 /* Preview Assets.xcassets in Resources */ = {isa = PBXBuildFile; fileRef = B2AC48EB28F5F9970077DB39 /* Preview Assets.xcassets */; };
		B2AC491028F5F9EE0077DB39 /* FastView.swift in Sources */ = {isa = PBXBuildFile; fileRef = B2AC490F28F5F9EE0077DB39 /* FastView.swift */; };
		B2AC491328F5FBD80077DB39 /* FastViewModel.swift in Sources */ = {isa = PBXBuildFile; fileRef = B2AC491228F5FBD80077DB39 /* FastViewModel.swift */; };
		B2AC491528F5FC0A0077DB39 /* ArcShape.swift in Sources */ = {isa = PBXBuildFile; fileRef = B2AC491428F5FC0A0077DB39 /* ArcShape.swift */; };
		B2AC491728F5FC170077DB39 /* Theme.swift in Sources */ = {isa = PBXBuildFile; fileRef = B2AC491628F5FC170077DB39 /* Theme.swift */; };
		B2D36C6A299A08EB00F85D0D /* DetailsView.swift in Sources */ = {isa = PBXBuildFile; fileRef = B2D36C69299A08EB00F85D0D /* DetailsView.swift */; };
		B2D36C6C299A2B0E00F85D0D /* DetailsViewModel.swift in Sources */ = {isa = PBXBuildFile; fileRef = B2D36C6B299A2B0E00F85D0D /* DetailsViewModel.swift */; };
		B2D36C70299A711D00F85D0D /* TitleDatePicker.swift in Sources */ = {isa = PBXBuildFile; fileRef = B2D36C6F299A711D00F85D0D /* TitleDatePicker.swift */; };
		B2EE30BE299113E80086C61B /* TabBarView.swift in Sources */ = {isa = PBXBuildFile; fileRef = B2EE30BD299113E80086C61B /* TabBarView.swift */; };
		B2EE30C029911D6A0086C61B /* HistoryViewModel.swift in Sources */ = {isa = PBXBuildFile; fileRef = B2EE30BF29911D6A0086C61B /* HistoryViewModel.swift */; };
		B2EE30C2299141160086C61B /* CoreDataRepository.swift in Sources */ = {isa = PBXBuildFile; fileRef = B2EE30C1299141160086C61B /* CoreDataRepository.swift */; };
		B2F3CEC228F7140F0068C076 /* Strings.swift in Sources */ = {isa = PBXBuildFile; fileRef = B2F3CEC128F7140F0068C076 /* Strings.swift */; };
		B2F3CEC428F74B0B0068C076 /* DurationView.swift in Sources */ = {isa = PBXBuildFile; fileRef = B2F3CEC328F74B0B0068C076 /* DurationView.swift */; };
		B2FC12AD297178E400DA1F72 /* DateExtension.swift in Sources */ = {isa = PBXBuildFile; fileRef = B2FC12AC297178E400DA1F72 /* DateExtension.swift */; };
		B2FFD35729255FA200AE0ACF /* PickerView.swift in Sources */ = {isa = PBXBuildFile; fileRef = B2FFD35629255FA200AE0ACF /* PickerView.swift */; };
		B2FFD359292566EA00AE0ACF /* Constants.swift in Sources */ = {isa = PBXBuildFile; fileRef = B2FFD358292566EA00AE0ACF /* Constants.swift */; };
/* End PBXBuildFile section */

/* Begin PBXFileReference section */
		B266F52C2992A9BC0072C068 /* TimeCalculator.swift */ = {isa = PBXFileReference; lastKnownFileType = sourcecode.swift; path = TimeCalculator.swift; sourceTree = "<group>"; };
		B27886A429951F390086B87C /* CalendarExtension.swift */ = {isa = PBXFileReference; lastKnownFileType = sourcecode.swift; path = CalendarExtension.swift; sourceTree = "<group>"; };
		B27886A62995363A0086B87C /* Images.swift */ = {isa = PBXFileReference; lastKnownFileType = sourcecode.swift; path = Images.swift; sourceTree = "<group>"; };
		B289EFFC299168B100C6DC3D /* DateFormatterExtension.swift */ = {isa = PBXFileReference; lastKnownFileType = sourcecode.swift; path = DateFormatterExtension.swift; sourceTree = "<group>"; };
		B28C860E292BAC6600951E7B /* DatePeriodView.swift */ = {isa = PBXFileReference; lastKnownFileType = sourcecode.swift; path = DatePeriodView.swift; sourceTree = "<group>"; };
		B28C8612292BB09400951E7B /* DurationButtonView.swift */ = {isa = PBXFileReference; lastKnownFileType = sourcecode.swift; path = DurationButtonView.swift; sourceTree = "<group>"; };
		B28C8614292BB18B00951E7B /* CircleProgressView.swift */ = {isa = PBXFileReference; lastKnownFileType = sourcecode.swift; path = CircleProgressView.swift; sourceTree = "<group>"; };
		B28C8616292BD2CC00951E7B /* CalendarView.swift */ = {isa = PBXFileReference; lastKnownFileType = sourcecode.swift; path = CalendarView.swift; sourceTree = "<group>"; };
		B28C861C292BD77C00951E7B /* DateView.swift */ = {isa = PBXFileReference; lastKnownFileType = sourcecode.swift; path = DateView.swift; sourceTree = "<group>"; };
		B28C861E292BDF2C00951E7B /* LineView.swift */ = {isa = PBXFileReference; lastKnownFileType = sourcecode.swift; path = LineView.swift; sourceTree = "<group>"; };
		B28C8620292BE07000951E7B /* HistoryView.swift */ = {isa = PBXFileReference; lastKnownFileType = sourcecode.swift; path = HistoryView.swift; sourceTree = "<group>"; };
		B2AC48DB28F5F9950077DB39 /* Fasto.app */ = {isa = PBXFileReference; explicitFileType = wrapper.application; includeInIndex = 0; path = Fasto.app; sourceTree = BUILT_PRODUCTS_DIR; };
		B2AC48DE28F5F9950077DB39 /* FastoApp.swift */ = {isa = PBXFileReference; lastKnownFileType = sourcecode.swift; path = FastoApp.swift; sourceTree = "<group>"; };
		B2AC48E028F5F9950077DB39 /* PersistenceController.swift */ = {isa = PBXFileReference; lastKnownFileType = sourcecode.swift; path = PersistenceController.swift; sourceTree = "<group>"; };
		B2AC48E328F5F9950077DB39 /* Fasto.xcdatamodel */ = {isa = PBXFileReference; lastKnownFileType = wrapper.xcdatamodel; path = Fasto.xcdatamodel; sourceTree = "<group>"; };
		B2AC48E728F5F9970077DB39 /* Assets.xcassets */ = {isa = PBXFileReference; lastKnownFileType = folder.assetcatalog; path = Assets.xcassets; sourceTree = "<group>"; };
		B2AC48EB28F5F9970077DB39 /* Preview Assets.xcassets */ = {isa = PBXFileReference; lastKnownFileType = folder.assetcatalog; path = "Preview Assets.xcassets"; sourceTree = "<group>"; };
		B2AC490F28F5F9EE0077DB39 /* FastView.swift */ = {isa = PBXFileReference; lastKnownFileType = sourcecode.swift; path = FastView.swift; sourceTree = "<group>"; };
		B2AC491228F5FBD80077DB39 /* FastViewModel.swift */ = {isa = PBXFileReference; lastKnownFileType = sourcecode.swift; path = FastViewModel.swift; sourceTree = "<group>"; };
		B2AC491428F5FC0A0077DB39 /* ArcShape.swift */ = {isa = PBXFileReference; lastKnownFileType = sourcecode.swift; path = ArcShape.swift; sourceTree = "<group>"; };
		B2AC491628F5FC170077DB39 /* Theme.swift */ = {isa = PBXFileReference; lastKnownFileType = sourcecode.swift; path = Theme.swift; sourceTree = "<group>"; };
		B2D36C69299A08EB00F85D0D /* DetailsView.swift */ = {isa = PBXFileReference; lastKnownFileType = sourcecode.swift; path = DetailsView.swift; sourceTree = "<group>"; };
		B2D36C6B299A2B0E00F85D0D /* DetailsViewModel.swift */ = {isa = PBXFileReference; lastKnownFileType = sourcecode.swift; path = DetailsViewModel.swift; sourceTree = "<group>"; };
		B2D36C6F299A711D00F85D0D /* TitleDatePicker.swift */ = {isa = PBXFileReference; lastKnownFileType = sourcecode.swift; path = TitleDatePicker.swift; sourceTree = "<group>"; };
		B2EE30BD299113E80086C61B /* TabBarView.swift */ = {isa = PBXFileReference; lastKnownFileType = sourcecode.swift; path = TabBarView.swift; sourceTree = "<group>"; };
		B2EE30BF29911D6A0086C61B /* HistoryViewModel.swift */ = {isa = PBXFileReference; lastKnownFileType = sourcecode.swift; path = HistoryViewModel.swift; sourceTree = "<group>"; };
		B2EE30C1299141160086C61B /* CoreDataRepository.swift */ = {isa = PBXFileReference; lastKnownFileType = sourcecode.swift; path = CoreDataRepository.swift; sourceTree = "<group>"; };
		B2F3CEC128F7140F0068C076 /* Strings.swift */ = {isa = PBXFileReference; lastKnownFileType = sourcecode.swift; path = Strings.swift; sourceTree = "<group>"; };
		B2F3CEC328F74B0B0068C076 /* DurationView.swift */ = {isa = PBXFileReference; lastKnownFileType = sourcecode.swift; path = DurationView.swift; sourceTree = "<group>"; };
		B2FC12AC297178E400DA1F72 /* DateExtension.swift */ = {isa = PBXFileReference; lastKnownFileType = sourcecode.swift; path = DateExtension.swift; sourceTree = "<group>"; };
		B2FFD35629255FA200AE0ACF /* PickerView.swift */ = {isa = PBXFileReference; lastKnownFileType = sourcecode.swift; path = PickerView.swift; sourceTree = "<group>"; };
		B2FFD358292566EA00AE0ACF /* Constants.swift */ = {isa = PBXFileReference; lastKnownFileType = sourcecode.swift; path = Constants.swift; sourceTree = "<group>"; };
/* End PBXFileReference section */

/* Begin PBXFrameworksBuildPhase section */
		B2AC48D828F5F9950077DB39 /* Frameworks */ = {
			isa = PBXFrameworksBuildPhase;
			buildActionMask = 2147483647;
			files = (
			);
			runOnlyForDeploymentPostprocessing = 0;
		};
/* End PBXFrameworksBuildPhase section */

/* Begin PBXGroup section */
		B28C8618292BD42100951E7B /* History */ = {
			isa = PBXGroup;
			children = (
				B28C8620292BE07000951E7B /* HistoryView.swift */,
				B2EE30BF29911D6A0086C61B /* HistoryViewModel.swift */,
			);
			path = History;
			sourceTree = "<group>";
		};
		B2AC48D228F5F9950077DB39 = {
			isa = PBXGroup;
			children = (
				B2AC48DD28F5F9950077DB39 /* Fasto */,
				B2AC48DC28F5F9950077DB39 /* Products */,
			);
			sourceTree = "<group>";
		};
		B2AC48DC28F5F9950077DB39 /* Products */ = {
			isa = PBXGroup;
			children = (
				B2AC48DB28F5F9950077DB39 /* Fasto.app */,
			);
			name = Products;
			sourceTree = "<group>";
		};
		B2AC48DD28F5F9950077DB39 /* Fasto */ = {
			isa = PBXGroup;
			children = (
				B2AC48E228F5F9950077DB39 /* Fasto.xcdatamodeld */,
				B2AC48DE28F5F9950077DB39 /* FastoApp.swift */,
				B2FC12AB297178CC00DA1F72 /* Extensions */,
				B2AC490E28F5F9CC0077DB39 /* Views */,
				B2AC491128F5FB040077DB39 /* Models */,
				B2D1E2E12923D262000EAB90 /* Modules */,
				B2D1E2E32923D43D000EAB90 /* Services */,
				B2D1E2DF2923D224000EAB90 /* Resources */,
				B2AC48EA28F5F9970077DB39 /* Preview Content */,
			);
			path = Fasto;
			sourceTree = "<group>";
		};
		B2AC48EA28F5F9970077DB39 /* Preview Content */ = {
			isa = PBXGroup;
			children = (
				B2AC48EB28F5F9970077DB39 /* Preview Assets.xcassets */,
			);
			path = "Preview Content";
			sourceTree = "<group>";
		};
		B2AC490E28F5F9CC0077DB39 /* Views */ = {
			isa = PBXGroup;
			children = (
				B28C861E292BDF2C00951E7B /* LineView.swift */,
				B28C861C292BD77C00951E7B /* DateView.swift */,
				B28C8616292BD2CC00951E7B /* CalendarView.swift */,
				B2FFD35629255FA200AE0ACF /* PickerView.swift */,
				B2F3CEC328F74B0B0068C076 /* DurationView.swift */,
				B28C860E292BAC6600951E7B /* DatePeriodView.swift */,
				B28C8612292BB09400951E7B /* DurationButtonView.swift */,
				B28C8614292BB18B00951E7B /* CircleProgressView.swift */,
				B2D36C6F299A711D00F85D0D /* TitleDatePicker.swift */,
			);
			path = Views;
			sourceTree = "<group>";
		};
		B2AC491128F5FB040077DB39 /* Models */ = {
			isa = PBXGroup;
			children = (
				B2AC491428F5FC0A0077DB39 /* ArcShape.swift */,
				B2AC491628F5FC170077DB39 /* Theme.swift */,
				B2FFD358292566EA00AE0ACF /* Constants.swift */,
			);
			path = Models;
			sourceTree = "<group>";
		};
		B2D1E2DF2923D224000EAB90 /* Resources */ = {
			isa = PBXGroup;
			children = (
				B2AC48E728F5F9970077DB39 /* Assets.xcassets */,
				B2F3CEC128F7140F0068C076 /* Strings.swift */,
				B27886A62995363A0086B87C /* Images.swift */,
			);
			path = Resources;
			sourceTree = "<group>";
		};
		B2D1E2E12923D262000EAB90 /* Modules */ = {
			isa = PBXGroup;
			children = (
				B2D36C68299A08D400F85D0D /* Details */,
				B2EE30BC299113D10086C61B /* TabBar */,
				B28C8618292BD42100951E7B /* History */,
				B2D1E2E22923D268000EAB90 /* Fast */,
			);
			path = Modules;
			sourceTree = "<group>";
		};
		B2D1E2E22923D268000EAB90 /* Fast */ = {
			isa = PBXGroup;
			children = (
				B2AC490F28F5F9EE0077DB39 /* FastView.swift */,
				B2AC491228F5FBD80077DB39 /* FastViewModel.swift */,
			);
			path = Fast;
			sourceTree = "<group>";
		};
		B2D1E2E32923D43D000EAB90 /* Services */ = {
			isa = PBXGroup;
			children = (
				B2AC48E028F5F9950077DB39 /* PersistenceController.swift */,
				B2EE30C1299141160086C61B /* CoreDataRepository.swift */,
				B266F52C2992A9BC0072C068 /* TimeCalculator.swift */,
			);
			path = Services;
			sourceTree = "<group>";
		};
		B2D36C68299A08D400F85D0D /* Details */ = {
			isa = PBXGroup;
			children = (
				B2D36C69299A08EB00F85D0D /* DetailsView.swift */,
				B2D36C6B299A2B0E00F85D0D /* DetailsViewModel.swift */,
			);
			path = Details;
			sourceTree = "<group>";
		};
		B2EE30BC299113D10086C61B /* TabBar */ = {
			isa = PBXGroup;
			children = (
				B2EE30BD299113E80086C61B /* TabBarView.swift */,
			);
			path = TabBar;
			sourceTree = "<group>";
		};
		B2FC12AB297178CC00DA1F72 /* Extensions */ = {
			isa = PBXGroup;
			children = (
				B2FC12AC297178E400DA1F72 /* DateExtension.swift */,
				B289EFFC299168B100C6DC3D /* DateFormatterExtension.swift */,
				B27886A429951F390086B87C /* CalendarExtension.swift */,
			);
			path = Extensions;
			sourceTree = "<group>";
		};
/* End PBXGroup section */

/* Begin PBXNativeTarget section */
		B2AC48DA28F5F9950077DB39 /* Fasto */ = {
			isa = PBXNativeTarget;
			buildConfigurationList = B2AC490528F5F9980077DB39 /* Build configuration list for PBXNativeTarget "Fasto" */;
			buildPhases = (
				B2AC48D728F5F9950077DB39 /* Sources */,
				B2AC48D828F5F9950077DB39 /* Frameworks */,
				B2AC48D928F5F9950077DB39 /* Resources */,
			);
			buildRules = (
			);
			dependencies = (
			);
			name = Fasto;
			productName = Fasto;
			productReference = B2AC48DB28F5F9950077DB39 /* Fasto.app */;
			productType = "com.apple.product-type.application";
		};
/* End PBXNativeTarget section */

/* Begin PBXProject section */
		B2AC48D328F5F9950077DB39 /* Project object */ = {
			isa = PBXProject;
			attributes = {
				BuildIndependentTargetsInParallel = 1;
				LastSwiftUpdateCheck = 1400;
				LastUpgradeCheck = 1400;
				TargetAttributes = {
					B2AC48DA28F5F9950077DB39 = {
						CreatedOnToolsVersion = 14.0.1;
					};
				};
			};
			buildConfigurationList = B2AC48D628F5F9950077DB39 /* Build configuration list for PBXProject "Fasto" */;
			compatibilityVersion = "Xcode 14.0";
			developmentRegion = en;
			hasScannedForEncodings = 0;
			knownRegions = (
				en,
				Base,
			);
			mainGroup = B2AC48D228F5F9950077DB39;
			productRefGroup = B2AC48DC28F5F9950077DB39 /* Products */;
			projectDirPath = "";
			projectRoot = "";
			targets = (
				B2AC48DA28F5F9950077DB39 /* Fasto */,
			);
		};
/* End PBXProject section */

/* Begin PBXResourcesBuildPhase section */
		B2AC48D928F5F9950077DB39 /* Resources */ = {
			isa = PBXResourcesBuildPhase;
			buildActionMask = 2147483647;
			files = (
				B2AC48EC28F5F9970077DB39 /* Preview Assets.xcassets in Resources */,
				B2AC48E828F5F9970077DB39 /* Assets.xcassets in Resources */,
			);
			runOnlyForDeploymentPostprocessing = 0;
		};
/* End PBXResourcesBuildPhase section */

/* Begin PBXSourcesBuildPhase section */
		B2AC48D728F5F9950077DB39 /* Sources */ = {
			isa = PBXSourcesBuildPhase;
			buildActionMask = 2147483647;
			files = (
				B2EE30C2299141160086C61B /* CoreDataRepository.swift in Sources */,
				B266F52D2992A9BC0072C068 /* TimeCalculator.swift in Sources */,
				B2FC12AD297178E400DA1F72 /* DateExtension.swift in Sources */,
				B28C8613292BB09400951E7B /* DurationButtonView.swift in Sources */,
				B27886A72995363A0086B87C /* Images.swift in Sources */,
				B28C861F292BDF2C00951E7B /* LineView.swift in Sources */,
				B2D36C6A299A08EB00F85D0D /* DetailsView.swift in Sources */,
				B2D36C6C299A2B0E00F85D0D /* DetailsViewModel.swift in Sources */,
				B2AC48E428F5F9950077DB39 /* Fasto.xcdatamodeld in Sources */,
				B28C8617292BD2CC00951E7B /* CalendarView.swift in Sources */,
				B28C8615292BB18B00951E7B /* CircleProgressView.swift in Sources */,
				B2EE30BE299113E80086C61B /* TabBarView.swift in Sources */,
				B2FFD359292566EA00AE0ACF /* Constants.swift in Sources */,
				B27886A529951F390086B87C /* CalendarExtension.swift in Sources */,
				B28C861D292BD77C00951E7B /* DateView.swift in Sources */,
				B2F3CEC228F7140F0068C076 /* Strings.swift in Sources */,
				B2F3CEC428F74B0B0068C076 /* DurationView.swift in Sources */,
				B28C860F292BAC6600951E7B /* DatePeriodView.swift in Sources */,
				B2AC491728F5FC170077DB39 /* Theme.swift in Sources */,
				B289EFFD299168B100C6DC3D /* DateFormatterExtension.swift in Sources */,
				B2EE30C029911D6A0086C61B /* HistoryViewModel.swift in Sources */,
				B28C8621292BE07000951E7B /* HistoryView.swift in Sources */,
				B2AC48DF28F5F9950077DB39 /* FastoApp.swift in Sources */,
				B2AC491028F5F9EE0077DB39 /* FastView.swift in Sources */,
				B2D36C70299A711D00F85D0D /* TitleDatePicker.swift in Sources */,
				B2AC491328F5FBD80077DB39 /* FastViewModel.swift in Sources */,
				B2AC48E128F5F9950077DB39 /* PersistenceController.swift in Sources */,
				B2FFD35729255FA200AE0ACF /* PickerView.swift in Sources */,
				B2AC491528F5FC0A0077DB39 /* ArcShape.swift in Sources */,
			);
			runOnlyForDeploymentPostprocessing = 0;
		};
/* End PBXSourcesBuildPhase section */

/* Begin XCBuildConfiguration section */
		B2AC490328F5F9980077DB39 /* Debug */ = {
			isa = XCBuildConfiguration;
			buildSettings = {
				ALWAYS_SEARCH_USER_PATHS = NO;
				CLANG_ANALYZER_NONNULL = YES;
				CLANG_ANALYZER_NUMBER_OBJECT_CONVERSION = YES_AGGRESSIVE;
				CLANG_CXX_LANGUAGE_STANDARD = "gnu++20";
				CLANG_ENABLE_MODULES = YES;
				CLANG_ENABLE_OBJC_ARC = YES;
				CLANG_ENABLE_OBJC_WEAK = YES;
				CLANG_WARN_BLOCK_CAPTURE_AUTORELEASING = YES;
				CLANG_WARN_BOOL_CONVERSION = YES;
				CLANG_WARN_COMMA = YES;
				CLANG_WARN_CONSTANT_CONVERSION = YES;
				CLANG_WARN_DEPRECATED_OBJC_IMPLEMENTATIONS = YES;
				CLANG_WARN_DIRECT_OBJC_ISA_USAGE = YES_ERROR;
				CLANG_WARN_DOCUMENTATION_COMMENTS = YES;
				CLANG_WARN_EMPTY_BODY = YES;
				CLANG_WARN_ENUM_CONVERSION = YES;
				CLANG_WARN_INFINITE_RECURSION = YES;
				CLANG_WARN_INT_CONVERSION = YES;
				CLANG_WARN_NON_LITERAL_NULL_CONVERSION = YES;
				CLANG_WARN_OBJC_IMPLICIT_RETAIN_SELF = YES;
				CLANG_WARN_OBJC_LITERAL_CONVERSION = YES;
				CLANG_WARN_OBJC_ROOT_CLASS = YES_ERROR;
				CLANG_WARN_QUOTED_INCLUDE_IN_FRAMEWORK_HEADER = YES;
				CLANG_WARN_RANGE_LOOP_ANALYSIS = YES;
				CLANG_WARN_STRICT_PROTOTYPES = YES;
				CLANG_WARN_SUSPICIOUS_MOVE = YES;
				CLANG_WARN_UNGUARDED_AVAILABILITY = YES_AGGRESSIVE;
				CLANG_WARN_UNREACHABLE_CODE = YES;
				CLANG_WARN__DUPLICATE_METHOD_MATCH = YES;
				COPY_PHASE_STRIP = NO;
				DEBUG_INFORMATION_FORMAT = dwarf;
				ENABLE_STRICT_OBJC_MSGSEND = YES;
				ENABLE_TESTABILITY = YES;
				GCC_C_LANGUAGE_STANDARD = gnu11;
				GCC_DYNAMIC_NO_PIC = NO;
				GCC_NO_COMMON_BLOCKS = YES;
				GCC_OPTIMIZATION_LEVEL = 0;
				GCC_PREPROCESSOR_DEFINITIONS = (
					"DEBUG=1",
					"$(inherited)",
				);
				GCC_WARN_64_TO_32_BIT_CONVERSION = YES;
				GCC_WARN_ABOUT_RETURN_TYPE = YES_ERROR;
				GCC_WARN_UNDECLARED_SELECTOR = YES;
				GCC_WARN_UNINITIALIZED_AUTOS = YES_AGGRESSIVE;
				GCC_WARN_UNUSED_FUNCTION = YES;
				GCC_WARN_UNUSED_VARIABLE = YES;
				MTL_ENABLE_DEBUG_INFO = INCLUDE_SOURCE;
				MTL_FAST_MATH = YES;
				ONLY_ACTIVE_ARCH = YES;
				SWIFT_ACTIVE_COMPILATION_CONDITIONS = DEBUG;
				SWIFT_OPTIMIZATION_LEVEL = "-Onone";
			};
			name = Debug;
		};
		B2AC490428F5F9980077DB39 /* Release */ = {
			isa = XCBuildConfiguration;
			buildSettings = {
				ALWAYS_SEARCH_USER_PATHS = NO;
				CLANG_ANALYZER_NONNULL = YES;
				CLANG_ANALYZER_NUMBER_OBJECT_CONVERSION = YES_AGGRESSIVE;
				CLANG_CXX_LANGUAGE_STANDARD = "gnu++20";
				CLANG_ENABLE_MODULES = YES;
				CLANG_ENABLE_OBJC_ARC = YES;
				CLANG_ENABLE_OBJC_WEAK = YES;
				CLANG_WARN_BLOCK_CAPTURE_AUTORELEASING = YES;
				CLANG_WARN_BOOL_CONVERSION = YES;
				CLANG_WARN_COMMA = YES;
				CLANG_WARN_CONSTANT_CONVERSION = YES;
				CLANG_WARN_DEPRECATED_OBJC_IMPLEMENTATIONS = YES;
				CLANG_WARN_DIRECT_OBJC_ISA_USAGE = YES_ERROR;
				CLANG_WARN_DOCUMENTATION_COMMENTS = YES;
				CLANG_WARN_EMPTY_BODY = YES;
				CLANG_WARN_ENUM_CONVERSION = YES;
				CLANG_WARN_INFINITE_RECURSION = YES;
				CLANG_WARN_INT_CONVERSION = YES;
				CLANG_WARN_NON_LITERAL_NULL_CONVERSION = YES;
				CLANG_WARN_OBJC_IMPLICIT_RETAIN_SELF = YES;
				CLANG_WARN_OBJC_LITERAL_CONVERSION = YES;
				CLANG_WARN_OBJC_ROOT_CLASS = YES_ERROR;
				CLANG_WARN_QUOTED_INCLUDE_IN_FRAMEWORK_HEADER = YES;
				CLANG_WARN_RANGE_LOOP_ANALYSIS = YES;
				CLANG_WARN_STRICT_PROTOTYPES = YES;
				CLANG_WARN_SUSPICIOUS_MOVE = YES;
				CLANG_WARN_UNGUARDED_AVAILABILITY = YES_AGGRESSIVE;
				CLANG_WARN_UNREACHABLE_CODE = YES;
				CLANG_WARN__DUPLICATE_METHOD_MATCH = YES;
				COPY_PHASE_STRIP = NO;
				DEBUG_INFORMATION_FORMAT = "dwarf-with-dsym";
				ENABLE_NS_ASSERTIONS = NO;
				ENABLE_STRICT_OBJC_MSGSEND = YES;
				GCC_C_LANGUAGE_STANDARD = gnu11;
				GCC_NO_COMMON_BLOCKS = YES;
				GCC_WARN_64_TO_32_BIT_CONVERSION = YES;
				GCC_WARN_ABOUT_RETURN_TYPE = YES_ERROR;
				GCC_WARN_UNDECLARED_SELECTOR = YES;
				GCC_WARN_UNINITIALIZED_AUTOS = YES_AGGRESSIVE;
				GCC_WARN_UNUSED_FUNCTION = YES;
				GCC_WARN_UNUSED_VARIABLE = YES;
				MTL_ENABLE_DEBUG_INFO = NO;
				MTL_FAST_MATH = YES;
				SWIFT_COMPILATION_MODE = wholemodule;
				SWIFT_OPTIMIZATION_LEVEL = "-O";
			};
			name = Release;
		};
		B2AC490628F5F9980077DB39 /* Debug */ = {
			isa = XCBuildConfiguration;
			buildSettings = {
				ASSETCATALOG_COMPILER_APPICON_NAME = AppIcon;
				ASSETCATALOG_COMPILER_GLOBAL_ACCENT_COLOR_NAME = AccentColor;
				CODE_SIGN_STYLE = Automatic;
				CURRENT_PROJECT_VERSION = 1;
				DEVELOPMENT_ASSET_PATHS = "\"Fasto/Preview Content\"";
				DEVELOPMENT_TEAM = 67CSC8R9LU;
				ENABLE_PREVIEWS = YES;
				GENERATE_INFOPLIST_FILE = YES;
				"INFOPLIST_KEY_UIApplicationSceneManifest_Generation[sdk=iphoneos*]" = YES;
				"INFOPLIST_KEY_UIApplicationSceneManifest_Generation[sdk=iphonesimulator*]" = YES;
				"INFOPLIST_KEY_UIApplicationSupportsIndirectInputEvents[sdk=iphoneos*]" = YES;
				"INFOPLIST_KEY_UIApplicationSupportsIndirectInputEvents[sdk=iphonesimulator*]" = YES;
				"INFOPLIST_KEY_UILaunchScreen_Generation[sdk=iphoneos*]" = YES;
				"INFOPLIST_KEY_UILaunchScreen_Generation[sdk=iphonesimulator*]" = YES;
				"INFOPLIST_KEY_UIStatusBarStyle[sdk=iphoneos*]" = UIStatusBarStyleDefault;
				"INFOPLIST_KEY_UIStatusBarStyle[sdk=iphonesimulator*]" = UIStatusBarStyleDefault;
				INFOPLIST_KEY_UISupportedInterfaceOrientations = UIInterfaceOrientationPortrait;
				INFOPLIST_KEY_UISupportedInterfaceOrientations_iPad = "UIInterfaceOrientationLandscapeLeft UIInterfaceOrientationLandscapeRight UIInterfaceOrientationPortrait UIInterfaceOrientationPortraitUpsideDown";
				IPHONEOS_DEPLOYMENT_TARGET = 15.0;
				LD_RUNPATH_SEARCH_PATHS = "@executable_path/Frameworks";
				"LD_RUNPATH_SEARCH_PATHS[sdk=macosx*]" = "@executable_path/../Frameworks";
				MACOSX_DEPLOYMENT_TARGET = 12.3;
				MARKETING_VERSION = 1.0;
				PRODUCT_BUNDLE_IDENTIFIER = andrii.ponomarov.Fasto;
				PRODUCT_NAME = "$(TARGET_NAME)";
				SDKROOT = auto;
				SUPPORTED_PLATFORMS = "iphoneos iphonesimulator";
				SUPPORTS_MACCATALYST = NO;
				SUPPORTS_MAC_DESIGNED_FOR_IPHONE_IPAD = NO;
				SWIFT_EMIT_LOC_STRINGS = YES;
				SWIFT_VERSION = 5.0;
				TARGETED_DEVICE_FAMILY = 1;
			};
			name = Debug;
		};
		B2AC490728F5F9980077DB39 /* Release */ = {
			isa = XCBuildConfiguration;
			buildSettings = {
				ASSETCATALOG_COMPILER_APPICON_NAME = AppIcon;
				ASSETCATALOG_COMPILER_GLOBAL_ACCENT_COLOR_NAME = AccentColor;
				CODE_SIGN_STYLE = Automatic;
				CURRENT_PROJECT_VERSION = 1;
				DEVELOPMENT_ASSET_PATHS = "\"Fasto/Preview Content\"";
				DEVELOPMENT_TEAM = 67CSC8R9LU;
				ENABLE_PREVIEWS = YES;
				GENERATE_INFOPLIST_FILE = YES;
				"INFOPLIST_KEY_UIApplicationSceneManifest_Generation[sdk=iphoneos*]" = YES;
				"INFOPLIST_KEY_UIApplicationSceneManifest_Generation[sdk=iphonesimulator*]" = YES;
				"INFOPLIST_KEY_UIApplicationSupportsIndirectInputEvents[sdk=iphoneos*]" = YES;
				"INFOPLIST_KEY_UIApplicationSupportsIndirectInputEvents[sdk=iphonesimulator*]" = YES;
				"INFOPLIST_KEY_UILaunchScreen_Generation[sdk=iphoneos*]" = YES;
				"INFOPLIST_KEY_UILaunchScreen_Generation[sdk=iphonesimulator*]" = YES;
				"INFOPLIST_KEY_UIStatusBarStyle[sdk=iphoneos*]" = UIStatusBarStyleDefault;
				"INFOPLIST_KEY_UIStatusBarStyle[sdk=iphonesimulator*]" = UIStatusBarStyleDefault;
				INFOPLIST_KEY_UISupportedInterfaceOrientations = UIInterfaceOrientationPortrait;
				INFOPLIST_KEY_UISupportedInterfaceOrientations_iPad = "UIInterfaceOrientationLandscapeLeft UIInterfaceOrientationLandscapeRight UIInterfaceOrientationPortrait UIInterfaceOrientationPortraitUpsideDown";
				IPHONEOS_DEPLOYMENT_TARGET = 15.0;
				LD_RUNPATH_SEARCH_PATHS = "@executable_path/Frameworks";
				"LD_RUNPATH_SEARCH_PATHS[sdk=macosx*]" = "@executable_path/../Frameworks";
				MACOSX_DEPLOYMENT_TARGET = 12.3;
				MARKETING_VERSION = 1.0;
				PRODUCT_BUNDLE_IDENTIFIER = andrii.ponomarov.Fasto;
				PRODUCT_NAME = "$(TARGET_NAME)";
				SDKROOT = auto;
				SUPPORTED_PLATFORMS = "iphoneos iphonesimulator";
				SUPPORTS_MACCATALYST = NO;
				SUPPORTS_MAC_DESIGNED_FOR_IPHONE_IPAD = NO;
				SWIFT_EMIT_LOC_STRINGS = YES;
				SWIFT_VERSION = 5.0;
				TARGETED_DEVICE_FAMILY = 1;
			};
			name = Release;
		};
/* End XCBuildConfiguration section */

/* Begin XCConfigurationList section */
		B2AC48D628F5F9950077DB39 /* Build configuration list for PBXProject "Fasto" */ = {
			isa = XCConfigurationList;
			buildConfigurations = (
				B2AC490328F5F9980077DB39 /* Debug */,
				B2AC490428F5F9980077DB39 /* Release */,
			);
			defaultConfigurationIsVisible = 0;
			defaultConfigurationName = Release;
		};
		B2AC490528F5F9980077DB39 /* Build configuration list for PBXNativeTarget "Fasto" */ = {
			isa = XCConfigurationList;
			buildConfigurations = (
				B2AC490628F5F9980077DB39 /* Debug */,
				B2AC490728F5F9980077DB39 /* Release */,
			);
			defaultConfigurationIsVisible = 0;
			defaultConfigurationName = Release;
		};
/* End XCConfigurationList section */

/* Begin XCVersionGroup section */
		B2AC48E228F5F9950077DB39 /* Fasto.xcdatamodeld */ = {
			isa = XCVersionGroup;
			children = (
				B2AC48E328F5F9950077DB39 /* Fasto.xcdatamodel */,
			);
			currentVersion = B2AC48E328F5F9950077DB39 /* Fasto.xcdatamodel */;
			path = Fasto.xcdatamodeld;
			sourceTree = "<group>";
			versionGroupType = wrapper.xcdatamodel;
		};
/* End XCVersionGroup section */
	};
	rootObject = B2AC48D328F5F9950077DB39 /* Project object */;
}
